Microsoft Visual Studio Solution File, Format Version 12.00
# Visual Studio 2012
VisualStudioVersion = 14.0.25420.1
MinimumVisualStudioVersion = 10.0.40219.1
Project("{FAE04EC0-301F-11D3-BF4B-00C04F79EFBC}") = "TableOfContentsExample", "TableOfContentsExample\TableOfContentsExample.csproj", "{CC3F75B8-74AF-434B-99BB-E5FACD75DCCE}"
EndProject
Global
	GlobalSection(SolutionConfigurationPlatforms) = preSolution
		Debug|Any CPU = Debug|Any CPU
		Release|Any CPU = Release|Any CPU
	EndGlobalSection
	GlobalSection(ProjectConfigurationPlatforms) = postSolution
		{CC3F75B8-74AF-434B-99BB-E5FACD75DCCE}.Debug|Any CPU.ActiveCfg = Debug|Any CPU
		{CC3F75B8-74AF-434B-99BB-E5FACD75DCCE}.Debug|Any CPU.Build.0 = Debug|Any CPU
		{CC3F75B8-74AF-434B-99BB-E5FACD75DCCE}.Release|Any CPU.ActiveCfg = Release|Any CPU
		{CC3F75B8-74AF-434B-99BB-E5FACD75DCCE}.Release|Any CPU.Build.0 = Release|Any CPU
	EndGlobalSection
	GlobalSection(SolutionProperties) = preSolution
		HideSolutionNode = FALSE
	EndGlobalSection
EndGlobal
